
Microsoft Visual Studio Solution File, Format Version 12.00
# Visual Studio 15
VisualStudioVersion = 15.0.26124.0
MinimumVisualStudioVersion = 15.0.26124.0
Project("{9A19103F-16F7-4668-BE54-9A1E7A4F7556}") = "TodoGrains", "TodoGrains\TodoGrains.csproj", "{6196F76B-DA2B-428F-A57D-809256946EC3}"
EndProject
Project("{9A19103F-16F7-4668-BE54-9A1E7A4F7556}") = "TodoInterface", "TodoInterface\TodoInterface.csproj", "{3F569EA6-5A8D-4F2D-8035-C8A62FB76243}"
EndProject
Project("{9A19103F-16F7-4668-BE54-9A1E7A4F7556}") = "SiloHost", "SiloHost\SiloHost.csproj", "{F8589F67-A713-4757-B59E-8717899FD0CA}"
EndProject
Project("{9A19103F-16F7-4668-BE54-9A1E7A4F7556}") = "TodoApp", "TodoApp\TodoApp.csproj", "{0F94CF06-DC95-481D-A944-1AAFD80B9DA3}"
EndProject
Global
	GlobalSection(SolutionConfigurationPlatforms) = preSolution
		Debug|Any CPU = Debug|Any CPU
		Debug|x64 = Debug|x64
		Debug|x86 = Debug|x86
		Release|Any CPU = Release|Any CPU
		Release|x64 = Release|x64
		Release|x86 = Release|x86
	EndGlobalSection
	GlobalSection(ProjectConfigurationPlatforms) = postSolution
		{6196F76B-DA2B-428F-A57D-809256946EC3}.Debug|Any CPU.ActiveCfg = Debug|Any CPU
		{6196F76B-DA2B-428F-A57D-809256946EC3}.Debug|Any CPU.Build.0 = Debug|Any CPU
		{6196F76B-DA2B-428F-A57D-809256946EC3}.Debug|x64.ActiveCfg = Debug|Any CPU
		{6196F76B-DA2B-428F-A57D-809256946EC3}.Debug|x64.Build.0 = Debug|Any CPU
		{6196F76B-DA2B-428F-A57D-809256946EC3}.Debug|x86.ActiveCfg = Debug|Any CPU
		{6196F76B-DA2B-428F-A57D-809256946EC3}.Debug|x86.Build.0 = Debug|Any CPU
		{6196F76B-DA2B-428F-A57D-809256946EC3}.Release|Any CPU.ActiveCfg = Release|Any CPU
		{6196F76B-DA2B-428F-A57D-809256946EC3}.Release|Any CPU.Build.0 = Release|Any CPU
		{6196F76B-DA2B-428F-A57D-809256946EC3}.Release|x64.ActiveCfg = Release|Any CPU
		{6196F76B-DA2B-428F-A57D-809256946EC3}.Release|x64.Build.0 = Release|Any CPU
		{6196F76B-DA2B-428F-A57D-809256946EC3}.Release|x86.ActiveCfg = Release|Any CPU
		{6196F76B-DA2B-428F-A57D-809256946EC3}.Release|x86.Build.0 = Release|Any CPU
		{3F569EA6-5A8D-4F2D-8035-C8A62FB76243}.Debug|Any CPU.ActiveCfg = Debug|Any CPU
		{3F569EA6-5A8D-4F2D-8035-C8A62FB76243}.Debug|Any CPU.Build.0 = Debug|Any CPU
		{3F569EA6-5A8D-4F2D-8035-C8A62FB76243}.Debug|x64.ActiveCfg = Debug|Any CPU
		{3F569EA6-5A8D-4F2D-8035-C8A62FB76243}.Debug|x64.Build.0 = Debug|Any CPU
		{3F569EA6-5A8D-4F2D-8035-C8A62FB76243}.Debug|x86.ActiveCfg = Debug|Any CPU
		{3F569EA6-5A8D-4F2D-8035-C8A62FB76243}.Debug|x86.Build.0 = Debug|Any CPU
		{3F569EA6-5A8D-4F2D-8035-C8A62FB76243}.Release|Any CPU.ActiveCfg = Release|Any CPU
		{3F569EA6-5A8D-4F2D-8035-C8A62FB76243}.Release|Any CPU.Build.0 = Release|Any CPU
		{3F569EA6-5A8D-4F2D-8035-C8A62FB76243}.Release|x64.ActiveCfg = Release|Any CPU
		{3F569EA6-5A8D-4F2D-8035-C8A62FB76243}.Release|x64.Build.0 = Release|Any CPU
		{3F569EA6-5A8D-4F2D-8035-C8A62FB76243}.Release|x86.ActiveCfg = Release|Any CPU
		{3F569EA6-5A8D-4F2D-8035-C8A62FB76243}.Release|x86.Build.0 = Release|Any CPU
		{F8589F67-A713-4757-B59E-8717899FD0CA}.Debug|Any CPU.ActiveCfg = Debug|Any CPU
		{F8589F67-A713-4757-B59E-8717899FD0CA}.Debug|Any CPU.Build.0 = Debug|Any CPU
		{F8589F67-A713-4757-B59E-8717899FD0CA}.Debug|x64.ActiveCfg = Debug|Any CPU
		{F8589F67-A713-4757-B59E-8717899FD0CA}.Debug|x64.Build.0 = Debug|Any CPU
		{F8589F67-A713-4757-B59E-8717899FD0CA}.Debug|x86.ActiveCfg = Debug|Any CPU
		{F8589F67-A713-4757-B59E-8717899FD0CA}.Debug|x86.Build.0 = Debug|Any CPU
		{F8589F67-A713-4757-B59E-8717899FD0CA}.Release|Any CPU.ActiveCfg = Release|Any CPU
		{F8589F67-A713-4757-B59E-8717899FD0CA}.Release|Any CPU.Build.0 = Release|Any CPU
		{F8589F67-A713-4757-B59E-8717899FD0CA}.Release|x64.ActiveCfg = Release|Any CPU
		{F8589F67-A713-4757-B59E-8717899FD0CA}.Release|x64.Build.0 = Release|Any CPU
		{F8589F67-A713-4757-B59E-8717899FD0CA}.Release|x86.ActiveCfg = Release|Any CPU
		{F8589F67-A713-4757-B59E-8717899FD0CA}.Release|x86.Build.0 = Release|Any CPU
		{0F94CF06-DC95-481D-A944-1AAFD80B9DA3}.Debug|Any CPU.ActiveCfg = Debug|Any CPU
		{0F94CF06-DC95-481D-A944-1AAFD80B9DA3}.Debug|Any CPU.Build.0 = Debug|Any CPU
		{0F94CF06-DC95-481D-A944-1AAFD80B9DA3}.Debug|x64.ActiveCfg = Debug|Any CPU
		{0F94CF06-DC95-481D-A944-1AAFD80B9DA3}.Debug|x64.Build.0 = Debug|Any CPU
		{0F94CF06-DC95-481D-A944-1AAFD80B9DA3}.Debug|x86.ActiveCfg = Debug|Any CPU
		{0F94CF06-DC95-481D-A944-1AAFD80B9DA3}.Debug|x86.Build.0 = Debug|Any CPU
		{0F94CF06-DC95-481D-A944-1AAFD80B9DA3}.Release|Any CPU.ActiveCfg = Release|Any CPU
		{0F94CF06-DC95-481D-A944-1AAFD80B9DA3}.Release|Any CPU.Build.0 = Release|Any CPU
		{0F94CF06-DC95-481D-A944-1AAFD80B9DA3}.Release|x64.ActiveCfg = Release|Any CPU
		{0F94CF06-DC95-481D-A944-1AAFD80B9DA3}.Release|x64.Build.0 = Release|Any CPU
		{0F94CF06-DC95-481D-A944-1AAFD80B9DA3}.Release|x86.ActiveCfg = Release|Any CPU
		{0F94CF06-DC95-481D-A944-1AAFD80B9DA3}.Release|x86.Build.0 = Release|Any CPU
	EndGlobalSection
	GlobalSection(SolutionProperties) = preSolution
		HideSolutionNode = FALSE
	EndGlobalSection
	GlobalSection(ExtensibilityGlobals) = postSolution
		SolutionGuid = {2226AF75-BD50-4A6A-B4F6-AC7609A6E130}
	EndGlobalSection
EndGlobal
