
Microsoft Visual Studio Solution File, Format Version 12.00
# Visual Studio 15
VisualStudioVersion = 15.0.27703.2042
MinimumVisualStudioVersion = 10.0.40219.1
Project("{FAE04EC0-301F-11D3-BF4B-00C04F79EFBC}") = "GenerateRPCCode", "GenerateRPCCode\GenerateRPCCode.csproj", "{7223DF67-A08E-469C-8FF7-CC2BFA232E17}"
	ProjectSection(ProjectDependencies) = postProject
		{8A864662-C34A-4305-9DEF-29756ADD5B99} = {8A864662-C34A-4305-9DEF-29756ADD5B99}
	EndProjectSection
EndProject
Project("{2150E333-8FDC-42A3-9474-1A3956D46DE8}") = "TestRPC", "TestRPC", "{BBE93F94-089E-44AA-8288-C70C3830EF13}"
EndProject
Project("{9A19103F-16F7-4668-BE54-9A1E7A4F7556}") = "CSCommon", "CSCommon\CSCommon.csproj", "{B67F7F56-5155-4463-A5F2-981349974206}"
EndProject
Project("{2150E333-8FDC-42A3-9474-1A3956D46DE8}") = "NetWork", "NetWork", "{23AA338A-39AE-414C-AD9B-A1C891581EC6}"
EndProject
Project("{9A19103F-16F7-4668-BE54-9A1E7A4F7556}") = "KCP", "..\KCP\KCP\KCP.csproj", "{920CEEA0-4FB6-437A-A98E-0624879FDF28}"
EndProject
Project("{9A19103F-16F7-4668-BE54-9A1E7A4F7556}") = "udp-iocp", "udp-iocp\udp-iocp.csproj", "{57F76D5F-6F00-4F34-9CCC-645B5236D075}"
EndProject
Project("{9A19103F-16F7-4668-BE54-9A1E7A4F7556}") = "socket.core", "..\socket.core\socket.core\socket.core.csproj", "{B4BF4D7F-0E9E-411E-93AF-8664DA19CEE5}"
EndProject
Project("{2150E333-8FDC-42A3-9474-1A3956D46DE8}") = "TestAsyncAwait", "TestAsyncAwait", "{342069E2-A600-4E0A-A5A9-F8FFD2BF899F}"
EndProject
Project("{9A19103F-16F7-4668-BE54-9A1E7A4F7556}") = "TestAsyncAwaitApp", "TestAsyncAwaitApp\TestAsyncAwaitApp.csproj", "{670AB634-0A56-4EAB-A275-24ED0BD1A71D}"
EndProject
Project("{9A19103F-16F7-4668-BE54-9A1E7A4F7556}") = "SimpleAsyncTest", "SimpleAsyncTest\SimpleAsyncTest.csproj", "{199E6F6C-CF4E-4520-B85E-FD5C7097F75A}"
EndProject
Project("{9A19103F-16F7-4668-BE54-9A1E7A4F7556}") = "MyNetWork", "MyNetWork\MyNetWork.csproj", "{E67D3F53-18DA-4932-A9B9-7595D965D28E}"
EndProject
Project("{9A19103F-16F7-4668-BE54-9A1E7A4F7556}") = "NetWorkInterface", "NetWorkInterface\NetWorkInterface.csproj", "{6CDD0371-C250-469A-B839-CBE0C9288CF4}"
EndProject
Project("{9A19103F-16F7-4668-BE54-9A1E7A4F7556}") = "RpcTestImpl", "RpcTestImpl\RpcTestImpl.csproj", "{67F3BF48-8052-44DF-A80A-6AE7F7CC8090}"
EndProject
Project("{9A19103F-16F7-4668-BE54-9A1E7A4F7556}") = "RpcTestInterface", "RpcTestInterface\RpcTestInterface.csproj", "{8A864662-C34A-4305-9DEF-29756ADD5B99}"
EndProject
Project("{2150E333-8FDC-42A3-9474-1A3956D46DE8}") = "Base", "Base", "{F09C64DC-D9B2-4189-A3B4-C66E2A078B24}"
EndProject
Project("{9A19103F-16F7-4668-BE54-9A1E7A4F7556}") = "CoolRpcInterface", "CoolRpcInterface\CoolRpcInterface.csproj", "{F7C7FD8A-93A1-4DAC-B519-DFD0A2D3F235}"
EndProject
Project("{9A19103F-16F7-4668-BE54-9A1E7A4F7556}") = "Gateway", "Gateway\Gateway.csproj", "{CC4EE656-921F-48FC-BEBB-A174A446E557}"
EndProject
Project("{9A19103F-16F7-4668-BE54-9A1E7A4F7556}") = "GrainInterface", "GrainInterface\GrainInterface.csproj", "{B5B6734B-C27E-4B7E-86ED-A1DD27723B45}"
EndProject
Project("{9A19103F-16F7-4668-BE54-9A1E7A4F7556}") = "GrainsTest", "GrainsTest\GrainsTest.csproj", "{701EBBB9-A96F-4066-B8DD-0218D88BB130}"
EndProject
Project("{9A19103F-16F7-4668-BE54-9A1E7A4F7556}") = "ServerTest", "ServerTest\ServerTest.csproj", "{5BDEEC38-C270-4D4E-B107-F390D85E902E}"
EndProject
Project("{FAE04EC0-301F-11D3-BF4B-00C04F79EFBC}") = "ClientTest", "ClientTest\ClientTest.csproj", "{7A951536-36B9-432E-AB5D-12113B60DCE2}"
EndProject
Global
	GlobalSection(SolutionConfigurationPlatforms) = preSolution
		Debug|Any CPU = Debug|Any CPU
		Release|Any CPU = Release|Any CPU
	EndGlobalSection
	GlobalSection(ProjectConfigurationPlatforms) = postSolution
		{7223DF67-A08E-469C-8FF7-CC2BFA232E17}.Debug|Any CPU.ActiveCfg = Debug|Any CPU
		{7223DF67-A08E-469C-8FF7-CC2BFA232E17}.Debug|Any CPU.Build.0 = Debug|Any CPU
		{7223DF67-A08E-469C-8FF7-CC2BFA232E17}.Release|Any CPU.ActiveCfg = Release|Any CPU
		{7223DF67-A08E-469C-8FF7-CC2BFA232E17}.Release|Any CPU.Build.0 = Release|Any CPU
		{B67F7F56-5155-4463-A5F2-981349974206}.Debug|Any CPU.ActiveCfg = Debug|Any CPU
		{B67F7F56-5155-4463-A5F2-981349974206}.Debug|Any CPU.Build.0 = Debug|Any CPU
		{B67F7F56-5155-4463-A5F2-981349974206}.Release|Any CPU.ActiveCfg = Release|Any CPU
		{B67F7F56-5155-4463-A5F2-981349974206}.Release|Any CPU.Build.0 = Release|Any CPU
		{920CEEA0-4FB6-437A-A98E-0624879FDF28}.Debug|Any CPU.ActiveCfg = Debug|Any CPU
		{920CEEA0-4FB6-437A-A98E-0624879FDF28}.Debug|Any CPU.Build.0 = Debug|Any CPU
		{920CEEA0-4FB6-437A-A98E-0624879FDF28}.Release|Any CPU.ActiveCfg = Release|Any CPU
		{920CEEA0-4FB6-437A-A98E-0624879FDF28}.Release|Any CPU.Build.0 = Release|Any CPU
		{57F76D5F-6F00-4F34-9CCC-645B5236D075}.Debug|Any CPU.ActiveCfg = Debug|Any CPU
		{57F76D5F-6F00-4F34-9CCC-645B5236D075}.Debug|Any CPU.Build.0 = Debug|Any CPU
		{57F76D5F-6F00-4F34-9CCC-645B5236D075}.Release|Any CPU.ActiveCfg = Release|Any CPU
		{57F76D5F-6F00-4F34-9CCC-645B5236D075}.Release|Any CPU.Build.0 = Release|Any CPU
		{B4BF4D7F-0E9E-411E-93AF-8664DA19CEE5}.Debug|Any CPU.ActiveCfg = Debug|Any CPU
		{B4BF4D7F-0E9E-411E-93AF-8664DA19CEE5}.Debug|Any CPU.Build.0 = Debug|Any CPU
		{B4BF4D7F-0E9E-411E-93AF-8664DA19CEE5}.Release|Any CPU.ActiveCfg = Release|Any CPU
		{B4BF4D7F-0E9E-411E-93AF-8664DA19CEE5}.Release|Any CPU.Build.0 = Release|Any CPU
		{670AB634-0A56-4EAB-A275-24ED0BD1A71D}.Debug|Any CPU.ActiveCfg = Debug|Any CPU
		{670AB634-0A56-4EAB-A275-24ED0BD1A71D}.Debug|Any CPU.Build.0 = Debug|Any CPU
		{670AB634-0A56-4EAB-A275-24ED0BD1A71D}.Release|Any CPU.ActiveCfg = Release|Any CPU
		{670AB634-0A56-4EAB-A275-24ED0BD1A71D}.Release|Any CPU.Build.0 = Release|Any CPU
		{199E6F6C-CF4E-4520-B85E-FD5C7097F75A}.Debug|Any CPU.ActiveCfg = Debug|Any CPU
		{199E6F6C-CF4E-4520-B85E-FD5C7097F75A}.Debug|Any CPU.Build.0 = Debug|Any CPU
		{199E6F6C-CF4E-4520-B85E-FD5C7097F75A}.Release|Any CPU.ActiveCfg = Release|Any CPU
		{199E6F6C-CF4E-4520-B85E-FD5C7097F75A}.Release|Any CPU.Build.0 = Release|Any CPU
		{E67D3F53-18DA-4932-A9B9-7595D965D28E}.Debug|Any CPU.ActiveCfg = Debug|Any CPU
		{E67D3F53-18DA-4932-A9B9-7595D965D28E}.Debug|Any CPU.Build.0 = Debug|Any CPU
		{E67D3F53-18DA-4932-A9B9-7595D965D28E}.Release|Any CPU.ActiveCfg = Release|Any CPU
		{E67D3F53-18DA-4932-A9B9-7595D965D28E}.Release|Any CPU.Build.0 = Release|Any CPU
		{6CDD0371-C250-469A-B839-CBE0C9288CF4}.Debug|Any CPU.ActiveCfg = Debug|Any CPU
		{6CDD0371-C250-469A-B839-CBE0C9288CF4}.Debug|Any CPU.Build.0 = Debug|Any CPU
		{6CDD0371-C250-469A-B839-CBE0C9288CF4}.Release|Any CPU.ActiveCfg = Release|Any CPU
		{6CDD0371-C250-469A-B839-CBE0C9288CF4}.Release|Any CPU.Build.0 = Release|Any CPU
		{67F3BF48-8052-44DF-A80A-6AE7F7CC8090}.Debug|Any CPU.ActiveCfg = Debug|Any CPU
		{67F3BF48-8052-44DF-A80A-6AE7F7CC8090}.Debug|Any CPU.Build.0 = Debug|Any CPU
		{67F3BF48-8052-44DF-A80A-6AE7F7CC8090}.Release|Any CPU.ActiveCfg = Release|Any CPU
		{67F3BF48-8052-44DF-A80A-6AE7F7CC8090}.Release|Any CPU.Build.0 = Release|Any CPU
		{8A864662-C34A-4305-9DEF-29756ADD5B99}.Debug|Any CPU.ActiveCfg = Debug|Any CPU
		{8A864662-C34A-4305-9DEF-29756ADD5B99}.Debug|Any CPU.Build.0 = Debug|Any CPU
		{8A864662-C34A-4305-9DEF-29756ADD5B99}.Release|Any CPU.ActiveCfg = Release|Any CPU
		{8A864662-C34A-4305-9DEF-29756ADD5B99}.Release|Any CPU.Build.0 = Release|Any CPU
		{F7C7FD8A-93A1-4DAC-B519-DFD0A2D3F235}.Debug|Any CPU.ActiveCfg = Debug|Any CPU
		{F7C7FD8A-93A1-4DAC-B519-DFD0A2D3F235}.Debug|Any CPU.Build.0 = Debug|Any CPU
		{F7C7FD8A-93A1-4DAC-B519-DFD0A2D3F235}.Release|Any CPU.ActiveCfg = Release|Any CPU
		{F7C7FD8A-93A1-4DAC-B519-DFD0A2D3F235}.Release|Any CPU.Build.0 = Release|Any CPU
		{CC4EE656-921F-48FC-BEBB-A174A446E557}.Debug|Any CPU.ActiveCfg = Debug|Any CPU
		{CC4EE656-921F-48FC-BEBB-A174A446E557}.Debug|Any CPU.Build.0 = Debug|Any CPU
		{CC4EE656-921F-48FC-BEBB-A174A446E557}.Release|Any CPU.ActiveCfg = Release|Any CPU
		{CC4EE656-921F-48FC-BEBB-A174A446E557}.Release|Any CPU.Build.0 = Release|Any CPU
		{B5B6734B-C27E-4B7E-86ED-A1DD27723B45}.Debug|Any CPU.ActiveCfg = Debug|Any CPU
		{B5B6734B-C27E-4B7E-86ED-A1DD27723B45}.Debug|Any CPU.Build.0 = Debug|Any CPU
		{B5B6734B-C27E-4B7E-86ED-A1DD27723B45}.Release|Any CPU.ActiveCfg = Release|Any CPU
		{B5B6734B-C27E-4B7E-86ED-A1DD27723B45}.Release|Any CPU.Build.0 = Release|Any CPU
		{701EBBB9-A96F-4066-B8DD-0218D88BB130}.Debug|Any CPU.ActiveCfg = Debug|Any CPU
		{701EBBB9-A96F-4066-B8DD-0218D88BB130}.Debug|Any CPU.Build.0 = Debug|Any CPU
		{701EBBB9-A96F-4066-B8DD-0218D88BB130}.Release|Any CPU.ActiveCfg = Release|Any CPU
		{701EBBB9-A96F-4066-B8DD-0218D88BB130}.Release|Any CPU.Build.0 = Release|Any CPU
		{5BDEEC38-C270-4D4E-B107-F390D85E902E}.Debug|Any CPU.ActiveCfg = Debug|Any CPU
		{5BDEEC38-C270-4D4E-B107-F390D85E902E}.Debug|Any CPU.Build.0 = Debug|Any CPU
		{5BDEEC38-C270-4D4E-B107-F390D85E902E}.Release|Any CPU.ActiveCfg = Release|Any CPU
		{5BDEEC38-C270-4D4E-B107-F390D85E902E}.Release|Any CPU.Build.0 = Release|Any CPU
		{7A951536-36B9-432E-AB5D-12113B60DCE2}.Debug|Any CPU.ActiveCfg = Debug|Any CPU
		{7A951536-36B9-432E-AB5D-12113B60DCE2}.Debug|Any CPU.Build.0 = Debug|Any CPU
		{7A951536-36B9-432E-AB5D-12113B60DCE2}.Release|Any CPU.ActiveCfg = Release|Any CPU
		{7A951536-36B9-432E-AB5D-12113B60DCE2}.Release|Any CPU.Build.0 = Release|Any CPU
	EndGlobalSection
	GlobalSection(SolutionProperties) = preSolution
		HideSolutionNode = FALSE
	EndGlobalSection
	GlobalSection(NestedProjects) = preSolution
		{B67F7F56-5155-4463-A5F2-981349974206} = {F09C64DC-D9B2-4189-A3B4-C66E2A078B24}
		{920CEEA0-4FB6-437A-A98E-0624879FDF28} = {23AA338A-39AE-414C-AD9B-A1C891581EC6}
		{57F76D5F-6F00-4F34-9CCC-645B5236D075} = {23AA338A-39AE-414C-AD9B-A1C891581EC6}
		{B4BF4D7F-0E9E-411E-93AF-8664DA19CEE5} = {23AA338A-39AE-414C-AD9B-A1C891581EC6}
		{670AB634-0A56-4EAB-A275-24ED0BD1A71D} = {342069E2-A600-4E0A-A5A9-F8FFD2BF899F}
		{199E6F6C-CF4E-4520-B85E-FD5C7097F75A} = {342069E2-A600-4E0A-A5A9-F8FFD2BF899F}
		{E67D3F53-18DA-4932-A9B9-7595D965D28E} = {23AA338A-39AE-414C-AD9B-A1C891581EC6}
		{6CDD0371-C250-469A-B839-CBE0C9288CF4} = {F09C64DC-D9B2-4189-A3B4-C66E2A078B24}
		{67F3BF48-8052-44DF-A80A-6AE7F7CC8090} = {BBE93F94-089E-44AA-8288-C70C3830EF13}
		{8A864662-C34A-4305-9DEF-29756ADD5B99} = {BBE93F94-089E-44AA-8288-C70C3830EF13}
		{F7C7FD8A-93A1-4DAC-B519-DFD0A2D3F235} = {F09C64DC-D9B2-4189-A3B4-C66E2A078B24}
		{CC4EE656-921F-48FC-BEBB-A174A446E557} = {BBE93F94-089E-44AA-8288-C70C3830EF13}
		{B5B6734B-C27E-4B7E-86ED-A1DD27723B45} = {BBE93F94-089E-44AA-8288-C70C3830EF13}
		{701EBBB9-A96F-4066-B8DD-0218D88BB130} = {BBE93F94-089E-44AA-8288-C70C3830EF13}
		{5BDEEC38-C270-4D4E-B107-F390D85E902E} = {BBE93F94-089E-44AA-8288-C70C3830EF13}
		{7A951536-36B9-432E-AB5D-12113B60DCE2} = {BBE93F94-089E-44AA-8288-C70C3830EF13}
	EndGlobalSection
	GlobalSection(ExtensibilityGlobals) = postSolution
		SolutionGuid = {50E7EE6D-5631-474C-9BFC-71144494D678}
	EndGlobalSection
EndGlobal
