
Microsoft Visual Studio Solution File, Format Version 12.00
# Visual Studio 15
VisualStudioVersion = 15.0.27428.2037
MinimumVisualStudioVersion = 10.0.40219.1
Project("{9A19103F-16F7-4668-BE54-9A1E7A4F7556}") = "SiloHost", "SiloHost.csproj", "{0A7B1113-67A9-4C2A-8CBC-47770CE99818}"
EndProject
Project("{9A19103F-16F7-4668-BE54-9A1E7A4F7556}") = "TodoInterface", "..\TodoInterface\TodoInterface.csproj", "{5E95BF01-74A8-4333-96FA-5BEBD339AFEE}"
EndProject
Project("{9A19103F-16F7-4668-BE54-9A1E7A4F7556}") = "TodoGrains", "..\TodoGrains\TodoGrains.csproj", "{28BAADF6-1C08-4024-B74D-D3F9486FB176}"
EndProject
Global
	GlobalSection(SolutionConfigurationPlatforms) = preSolution
		Debug|Any CPU = Debug|Any CPU
		Release|Any CPU = Release|Any CPU
	EndGlobalSection
	GlobalSection(ProjectConfigurationPlatforms) = postSolution
		{0A7B1113-67A9-4C2A-8CBC-47770CE99818}.Debug|Any CPU.ActiveCfg = Debug|Any CPU
		{0A7B1113-67A9-4C2A-8CBC-47770CE99818}.Debug|Any CPU.Build.0 = Debug|Any CPU
		{0A7B1113-67A9-4C2A-8CBC-47770CE99818}.Release|Any CPU.ActiveCfg = Release|Any CPU
		{0A7B1113-67A9-4C2A-8CBC-47770CE99818}.Release|Any CPU.Build.0 = Release|Any CPU
		{5E95BF01-74A8-4333-96FA-5BEBD339AFEE}.Debug|Any CPU.ActiveCfg = Debug|Any CPU
		{5E95BF01-74A8-4333-96FA-5BEBD339AFEE}.Debug|Any CPU.Build.0 = Debug|Any CPU
		{5E95BF01-74A8-4333-96FA-5BEBD339AFEE}.Release|Any CPU.ActiveCfg = Release|Any CPU
		{5E95BF01-74A8-4333-96FA-5BEBD339AFEE}.Release|Any CPU.Build.0 = Release|Any CPU
		{28BAADF6-1C08-4024-B74D-D3F9486FB176}.Debug|Any CPU.ActiveCfg = Debug|Any CPU
		{28BAADF6-1C08-4024-B74D-D3F9486FB176}.Debug|Any CPU.Build.0 = Debug|Any CPU
		{28BAADF6-1C08-4024-B74D-D3F9486FB176}.Release|Any CPU.ActiveCfg = Release|Any CPU
		{28BAADF6-1C08-4024-B74D-D3F9486FB176}.Release|Any CPU.Build.0 = Release|Any CPU
	EndGlobalSection
	GlobalSection(SolutionProperties) = preSolution
		HideSolutionNode = FALSE
	EndGlobalSection
	GlobalSection(ExtensibilityGlobals) = postSolution
		SolutionGuid = {BC711F98-5B41-4B9A-994E-0A87021E3DEC}
	EndGlobalSection
EndGlobal
