
Microsoft Visual Studio Solution File, Format Version 12.00
# Visual Studio Version 16
VisualStudioVersion = 16.0.29020.237
MinimumVisualStudioVersion = 10.0.40219.1
Project("{FAE04EC0-301F-11D3-BF4B-00C04F79EFBC}") = "TestOpenTK", "TestOpenTK\TestOpenTK.csproj", "{7BF911AB-DA87-4B0F-A3CA-D4FCD3101F85}"
EndProject
Global
	GlobalSection(SolutionConfigurationPlatforms) = preSolution
		Debug|Any CPU = Debug|Any CPU
		Release|Any CPU = Release|Any CPU
	EndGlobalSection
	GlobalSection(ProjectConfigurationPlatforms) = postSolution
		{7BF911AB-DA87-4B0F-A3CA-D4FCD3101F85}.Debug|Any CPU.ActiveCfg = Debug|Any CPU
		{7BF911AB-DA87-4B0F-A3CA-D4FCD3101F85}.Debug|Any CPU.Build.0 = Debug|Any CPU
		{7BF911AB-DA87-4B0F-A3CA-D4FCD3101F85}.Release|Any CPU.ActiveCfg = Release|Any CPU
		{7BF911AB-DA87-4B0F-A3CA-D4FCD3101F85}.Release|Any CPU.Build.0 = Release|Any CPU
	EndGlobalSection
	GlobalSection(SolutionProperties) = preSolution
		HideSolutionNode = FALSE
	EndGlobalSection
	GlobalSection(ExtensibilityGlobals) = postSolution
		SolutionGuid = {3839E1F3-0C6F-4571-AB35-3DB6B5514DF6}
	EndGlobalSection
EndGlobal
