
Microsoft Visual Studio Solution File, Format Version 12.00
# Visual Studio 15
VisualStudioVersion = 15.0.27703.2035
MinimumVisualStudioVersion = 10.0.40219.1
Project("{FAE04EC0-301F-11D3-BF4B-00C04F79EFBC}") = "TestAsync", "TestAsync\TestAsync.csproj", "{77F47F63-3DC8-468A-B9AC-B9FDC060BA7F}"
EndProject
Global
	GlobalSection(SolutionConfigurationPlatforms) = preSolution
		Debug|Any CPU = Debug|Any CPU
		Release|Any CPU = Release|Any CPU
	EndGlobalSection
	GlobalSection(ProjectConfigurationPlatforms) = postSolution
		{77F47F63-3DC8-468A-B9AC-B9FDC060BA7F}.Debug|Any CPU.ActiveCfg = Debug|Any CPU
		{77F47F63-3DC8-468A-B9AC-B9FDC060BA7F}.Debug|Any CPU.Build.0 = Debug|Any CPU
		{77F47F63-3DC8-468A-B9AC-B9FDC060BA7F}.Release|Any CPU.ActiveCfg = Release|Any CPU
		{77F47F63-3DC8-468A-B9AC-B9FDC060BA7F}.Release|Any CPU.Build.0 = Release|Any CPU
	EndGlobalSection
	GlobalSection(SolutionProperties) = preSolution
		HideSolutionNode = FALSE
	EndGlobalSection
	GlobalSection(ExtensibilityGlobals) = postSolution
		SolutionGuid = {6F511084-6B90-44E3-8499-BC0D2B0DEA24}
	EndGlobalSection
EndGlobal
